
Microsoft Visual Studio Solution File, Format Version 12.00
# Visual Studio Version 17
VisualStudioVersion = 17.3.32929.385
MinimumVisualStudioVersion = 10.0.40219.1
Project("{FAE04EC0-301F-11D3-BF4B-00C04F79EFBC}") = "LeetBot", "LeetBot.csproj", "{6FBCF280-CCE7-43FD-8C8A-08B9EFAF6896}"
EndProject
Global
	GlobalSection(SolutionConfigurationPlatforms) = preSolution
		Debug|Any CPU = Debug|Any CPU
		Release|Any CPU = Release|Any CPU
	EndGlobalSection
	GlobalSection(ProjectConfigurationPlatforms) = postSolution
		{6FBCF280-CCE7-43FD-8C8A-08B9EFAF6896}.Debug|Any CPU.ActiveCfg = Debug|Any CPU
		{6FBCF280-CCE7-43FD-8C8A-08B9EFAF6896}.Debug|Any CPU.Build.0 = Debug|Any CPU
		{6FBCF280-CCE7-43FD-8C8A-08B9EFAF6896}.Release|Any CPU.ActiveCfg = Release|Any CPU
		{6FBCF280-CCE7-43FD-8C8A-08B9EFAF6896}.Release|Any CPU.Build.0 = Release|Any CPU
	EndGlobalSection
	GlobalSection(SolutionProperties) = preSolution
		HideSolutionNode = FALSE
	EndGlobalSection
	GlobalSection(ExtensibilityGlobals) = postSolution
		SolutionGuid = {31DDEAD2-EFAD-4F87-A40C-34BD71497101}
	EndGlobalSection
EndGlobal
